
Microsoft Visual Studio Solution File, Format Version 12.00
# Visual Studio Version 17
VisualStudioVersion = 17.13.35931.197
MinimumVisualStudioVersion = 10.0.40219.1
Project("{FAE04EC0-301F-11D3-BF4B-00C04F79EFBC}") = "EventAwaiterKit", "EventAwaiterKit\EventAwaiterKit.csproj", "{3ED1B398-61DF-4A66-80DC-2765639F0E74}"
EndProject
Project("{FAE04EC0-301F-11D3-BF4B-00C04F79EFBC}") = "EventAwaiterKit.Tests", "EventAwaiterKit.Tests\EventAwaiterKit.Tests.csproj", "{5E8CB3B1-653C-4D84-98BB-DD8DA943668A}"
EndProject
Project("{2150E333-8FDC-42A3-9474-1A3956D46DE8}") = "Examples", "Examples", "{B36A84DF-456D-A817-6EDD-3EC3E7F6E11F}"
EndProject
Project("{FAE04EC0-301F-11D3-BF4B-00C04F79EFBC}") = "EventAwaiterKit.Examples", "Examples\EventAwaiterKit.Examples\EventAwaiterKit.Examples.csproj", "{AA1EBC55-205F-4ED2-8703-77CDDC41824C}"
EndProject
Global
	GlobalSection(SolutionConfigurationPlatforms) = preSolution
		Debug|Any CPU = Debug|Any CPU
		Debug|x64 = Debug|x64
		Debug|x86 = Debug|x86
		Release|Any CPU = Release|Any CPU
		Release|x64 = Release|x64
		Release|x86 = Release|x86
	EndGlobalSection
	GlobalSection(ProjectConfigurationPlatforms) = postSolution
		{3ED1B398-61DF-4A66-80DC-2765639F0E74}.Debug|Any CPU.ActiveCfg = Debug|Any CPU
		{3ED1B398-61DF-4A66-80DC-2765639F0E74}.Debug|Any CPU.Build.0 = Debug|Any CPU
		{3ED1B398-61DF-4A66-80DC-2765639F0E74}.Debug|x64.ActiveCfg = Debug|Any CPU
		{3ED1B398-61DF-4A66-80DC-2765639F0E74}.Debug|x64.Build.0 = Debug|Any CPU
		{3ED1B398-61DF-4A66-80DC-2765639F0E74}.Debug|x86.ActiveCfg = Debug|Any CPU
		{3ED1B398-61DF-4A66-80DC-2765639F0E74}.Debug|x86.Build.0 = Debug|Any CPU
		{3ED1B398-61DF-4A66-80DC-2765639F0E74}.Release|Any CPU.ActiveCfg = Release|Any CPU
		{3ED1B398-61DF-4A66-80DC-2765639F0E74}.Release|Any CPU.Build.0 = Release|Any CPU
		{3ED1B398-61DF-4A66-80DC-2765639F0E74}.Release|x64.ActiveCfg = Release|Any CPU
		{3ED1B398-61DF-4A66-80DC-2765639F0E74}.Release|x64.Build.0 = Release|Any CPU
		{3ED1B398-61DF-4A66-80DC-2765639F0E74}.Release|x86.ActiveCfg = Release|Any CPU
		{3ED1B398-61DF-4A66-80DC-2765639F0E74}.Release|x86.Build.0 = Release|Any CPU
		{5E8CB3B1-653C-4D84-98BB-DD8DA943668A}.Debug|Any CPU.ActiveCfg = Debug|Any CPU
		{5E8CB3B1-653C-4D84-98BB-DD8DA943668A}.Debug|Any CPU.Build.0 = Debug|Any CPU
		{5E8CB3B1-653C-4D84-98BB-DD8DA943668A}.Debug|x64.ActiveCfg = Debug|Any CPU
		{5E8CB3B1-653C-4D84-98BB-DD8DA943668A}.Debug|x64.Build.0 = Debug|Any CPU
		{5E8CB3B1-653C-4D84-98BB-DD8DA943668A}.Debug|x86.ActiveCfg = Debug|Any CPU
		{5E8CB3B1-653C-4D84-98BB-DD8DA943668A}.Debug|x86.Build.0 = Debug|Any CPU
		{5E8CB3B1-653C-4D84-98BB-DD8DA943668A}.Release|Any CPU.ActiveCfg = Release|Any CPU
		{5E8CB3B1-653C-4D84-98BB-DD8DA943668A}.Release|Any CPU.Build.0 = Release|Any CPU
		{5E8CB3B1-653C-4D84-98BB-DD8DA943668A}.Release|x64.ActiveCfg = Release|Any CPU
		{5E8CB3B1-653C-4D84-98BB-DD8DA943668A}.Release|x64.Build.0 = Release|Any CPU
		{5E8CB3B1-653C-4D84-98BB-DD8DA943668A}.Release|x86.ActiveCfg = Release|Any CPU
		{5E8CB3B1-653C-4D84-98BB-DD8DA943668A}.Release|x86.Build.0 = Release|Any CPU
		{AA1EBC55-205F-4ED2-8703-77CDDC41824C}.Debug|Any CPU.ActiveCfg = Debug|Any CPU
		{AA1EBC55-205F-4ED2-8703-77CDDC41824C}.Debug|Any CPU.Build.0 = Debug|Any CPU
		{AA1EBC55-205F-4ED2-8703-77CDDC41824C}.Debug|x64.ActiveCfg = Debug|Any CPU
		{AA1EBC55-205F-4ED2-8703-77CDDC41824C}.Debug|x64.Build.0 = Debug|Any CPU
		{AA1EBC55-205F-4ED2-8703-77CDDC41824C}.Debug|x86.ActiveCfg = Debug|Any CPU
		{AA1EBC55-205F-4ED2-8703-77CDDC41824C}.Debug|x86.Build.0 = Debug|Any CPU
		{AA1EBC55-205F-4ED2-8703-77CDDC41824C}.Release|Any CPU.ActiveCfg = Release|Any CPU
		{AA1EBC55-205F-4ED2-8703-77CDDC41824C}.Release|Any CPU.Build.0 = Release|Any CPU
		{AA1EBC55-205F-4ED2-8703-77CDDC41824C}.Release|x64.ActiveCfg = Release|Any CPU
		{AA1EBC55-205F-4ED2-8703-77CDDC41824C}.Release|x64.Build.0 = Release|Any CPU
		{AA1EBC55-205F-4ED2-8703-77CDDC41824C}.Release|x86.ActiveCfg = Release|Any CPU
		{AA1EBC55-205F-4ED2-8703-77CDDC41824C}.Release|x86.Build.0 = Release|Any CPU
	EndGlobalSection
	GlobalSection(SolutionProperties) = preSolution
		HideSolutionNode = FALSE
	EndGlobalSection
	GlobalSection(NestedProjects) = preSolution
		{AA1EBC55-205F-4ED2-8703-77CDDC41824C} = {B36A84DF-456D-A817-6EDD-3EC3E7F6E11F}
	EndGlobalSection
	GlobalSection(ExtensibilityGlobals) = postSolution
		SolutionGuid = {859C757B-E56D-43D2-BE92-25AF0982342E}
	EndGlobalSection
EndGlobal
